
Microsoft Visual Studio Solution File, Format Version 12.00
# Visual Studio Version 17
VisualStudioVersion = 17.3.32929.385
MinimumVisualStudioVersion = 10.0.40219.1
Project("{FAE04EC0-301F-11D3-BF4B-00C04F79EFBC}") = "Informática", "Informática.csproj", "{4A0979E6-9100-42F7-9AD1-86BBC82FC783}"
EndProject
Global
	GlobalSection(SolutionConfigurationPlatforms) = preSolution
		Debug|Any CPU = Debug|Any CPU
		Release|Any CPU = Release|Any CPU
	EndGlobalSection
	GlobalSection(ProjectConfigurationPlatforms) = postSolution
		{4A0979E6-9100-42F7-9AD1-86BBC82FC783}.Debug|Any CPU.ActiveCfg = Debug|Any CPU
		{4A0979E6-9100-42F7-9AD1-86BBC82FC783}.Debug|Any CPU.Build.0 = Debug|Any CPU
		{4A0979E6-9100-42F7-9AD1-86BBC82FC783}.Release|Any CPU.ActiveCfg = Release|Any CPU
		{4A0979E6-9100-42F7-9AD1-86BBC82FC783}.Release|Any CPU.Build.0 = Release|Any CPU
	EndGlobalSection
	GlobalSection(SolutionProperties) = preSolution
		HideSolutionNode = FALSE
	EndGlobalSection
	GlobalSection(ExtensibilityGlobals) = postSolution
		SolutionGuid = {D53C9D86-3DDA-4927-94A3-029350740492}
	EndGlobalSection
EndGlobal
